
Microsoft Visual Studio Solution File, Format Version 12.00
# Visual Studio Version 17
VisualStudioVersion = 17.1.32228.430
MinimumVisualStudioVersion = 10.0.40219.1
Project("{FAE04EC0-301F-11D3-BF4B-00C04F79EFBC}") = "TpPOO", "TpPOO\TpPOO.csproj", "{CEB72504-0BF1-4D8D-B7BC-BBC4CDA03F9E}"
EndProject
Project("{FAE04EC0-301F-11D3-BF4B-00C04F79EFBC}") = "ProyectoEjemploPOO", "..\..\..\Downloads\ProyectoEjemploPOO\ProyectoEjemploPOO.csproj", "{9CF49837-4E39-4345-8AB3-6D994D908F31}"
EndProject
Global
	GlobalSection(SolutionConfigurationPlatforms) = preSolution
		Debug|Any CPU = Debug|Any CPU
		Release|Any CPU = Release|Any CPU
	EndGlobalSection
	GlobalSection(ProjectConfigurationPlatforms) = postSolution
		{CEB72504-0BF1-4D8D-B7BC-BBC4CDA03F9E}.Debug|Any CPU.ActiveCfg = Debug|Any CPU
		{CEB72504-0BF1-4D8D-B7BC-BBC4CDA03F9E}.Debug|Any CPU.Build.0 = Debug|Any CPU
		{CEB72504-0BF1-4D8D-B7BC-BBC4CDA03F9E}.Release|Any CPU.ActiveCfg = Release|Any CPU
		{CEB72504-0BF1-4D8D-B7BC-BBC4CDA03F9E}.Release|Any CPU.Build.0 = Release|Any CPU
		{9CF49837-4E39-4345-8AB3-6D994D908F31}.Debug|Any CPU.ActiveCfg = Debug|Any CPU
		{9CF49837-4E39-4345-8AB3-6D994D908F31}.Debug|Any CPU.Build.0 = Debug|Any CPU
		{9CF49837-4E39-4345-8AB3-6D994D908F31}.Release|Any CPU.ActiveCfg = Release|Any CPU
		{9CF49837-4E39-4345-8AB3-6D994D908F31}.Release|Any CPU.Build.0 = Release|Any CPU
	EndGlobalSection
	GlobalSection(SolutionProperties) = preSolution
		HideSolutionNode = FALSE
	EndGlobalSection
	GlobalSection(ExtensibilityGlobals) = postSolution
		SolutionGuid = {162C36F9-8485-4AB9-AEBB-08913B59E56D}
	EndGlobalSection
EndGlobal
